
Microsoft Visual Studio Solution File, Format Version 12.00
# Visual Studio Version 16
VisualStudioVersion = 16.0.29123.88
MinimumVisualStudioVersion = 10.0.40219.1
Project("{FAE04EC0-301F-11D3-BF4B-00C04F79EFBC}") = "Tabuleiro de xadrez", "Tabuleiro de xadrez\Tabuleiro de xadrez.csproj", "{887BBB39-C75E-4225-961A-7207431F0E6B}"
EndProject
Global
	GlobalSection(SolutionConfigurationPlatforms) = preSolution
		Debug|Any CPU = Debug|Any CPU
		Release|Any CPU = Release|Any CPU
	EndGlobalSection
	GlobalSection(ProjectConfigurationPlatforms) = postSolution
		{887BBB39-C75E-4225-961A-7207431F0E6B}.Debug|Any CPU.ActiveCfg = Debug|Any CPU
		{887BBB39-C75E-4225-961A-7207431F0E6B}.Debug|Any CPU.Build.0 = Debug|Any CPU
		{887BBB39-C75E-4225-961A-7207431F0E6B}.Release|Any CPU.ActiveCfg = Release|Any CPU
		{887BBB39-C75E-4225-961A-7207431F0E6B}.Release|Any CPU.Build.0 = Release|Any CPU
	EndGlobalSection
	GlobalSection(SolutionProperties) = preSolution
		HideSolutionNode = FALSE
	EndGlobalSection
	GlobalSection(ExtensibilityGlobals) = postSolution
		SolutionGuid = {6ED62462-378C-4917-9892-11D0EC3F4BDB}
	EndGlobalSection
EndGlobal
